
Microsoft Visual Studio Solution File, Format Version 12.00
# Visual Studio Version 16
VisualStudioVersion = 16.0.29020.237
MinimumVisualStudioVersion = 10.0.40219.1
Project("{FAE04EC0-301F-11D3-BF4B-00C04F79EFBC}") = "ShrinelandsTactics", "ShrinelandsTactics.csproj", "{E91390EB-987F-4305-8465-4ACF9953B11E}"
EndProject
Project("{FAE04EC0-301F-11D3-BF4B-00C04F79EFBC}") = "DM_UnitTests", "..\DM_UnitTests\DM_UnitTests.csproj", "{85006272-1E4E-493D-BA88-C900FFF8E779}"
EndProject
Project("{FAE04EC0-301F-11D3-BF4B-00C04F79EFBC}") = "ShrinelandsASCI", "..\ShrinelandsASCI\ShrinelandsASCI.csproj", "{F8537EF9-DA6D-4884-8A6E-CCD7CEE10BDB}"
EndProject
Project("{FAE04EC0-301F-11D3-BF4B-00C04F79EFBC}") = "ShrinelandsServer", "..\ShrinelandsServer\ShrinelandsServer.csproj", "{A16AC525-52D9-4EE7-ACCD-DD4903796CF2}"
EndProject
Global
	GlobalSection(SolutionConfigurationPlatforms) = preSolution
		Debug|Any CPU = Debug|Any CPU
		Release|Any CPU = Release|Any CPU
	EndGlobalSection
	GlobalSection(ProjectConfigurationPlatforms) = postSolution
		{E91390EB-987F-4305-8465-4ACF9953B11E}.Debug|Any CPU.ActiveCfg = Debug|Any CPU
		{E91390EB-987F-4305-8465-4ACF9953B11E}.Debug|Any CPU.Build.0 = Debug|Any CPU
		{E91390EB-987F-4305-8465-4ACF9953B11E}.Release|Any CPU.ActiveCfg = Release|Any CPU
		{E91390EB-987F-4305-8465-4ACF9953B11E}.Release|Any CPU.Build.0 = Release|Any CPU
		{85006272-1E4E-493D-BA88-C900FFF8E779}.Debug|Any CPU.ActiveCfg = Debug|Any CPU
		{85006272-1E4E-493D-BA88-C900FFF8E779}.Debug|Any CPU.Build.0 = Debug|Any CPU
		{85006272-1E4E-493D-BA88-C900FFF8E779}.Release|Any CPU.ActiveCfg = Release|Any CPU
		{85006272-1E4E-493D-BA88-C900FFF8E779}.Release|Any CPU.Build.0 = Release|Any CPU
		{F8537EF9-DA6D-4884-8A6E-CCD7CEE10BDB}.Debug|Any CPU.ActiveCfg = Debug|Any CPU
		{F8537EF9-DA6D-4884-8A6E-CCD7CEE10BDB}.Debug|Any CPU.Build.0 = Debug|Any CPU
		{F8537EF9-DA6D-4884-8A6E-CCD7CEE10BDB}.Release|Any CPU.ActiveCfg = Release|Any CPU
		{F8537EF9-DA6D-4884-8A6E-CCD7CEE10BDB}.Release|Any CPU.Build.0 = Release|Any CPU
		{A16AC525-52D9-4EE7-ACCD-DD4903796CF2}.Debug|Any CPU.ActiveCfg = Debug|Any CPU
		{A16AC525-52D9-4EE7-ACCD-DD4903796CF2}.Debug|Any CPU.Build.0 = Debug|Any CPU
		{A16AC525-52D9-4EE7-ACCD-DD4903796CF2}.Release|Any CPU.ActiveCfg = Release|Any CPU
		{A16AC525-52D9-4EE7-ACCD-DD4903796CF2}.Release|Any CPU.Build.0 = Release|Any CPU
	EndGlobalSection
	GlobalSection(SolutionProperties) = preSolution
		HideSolutionNode = FALSE
	EndGlobalSection
	GlobalSection(ExtensibilityGlobals) = postSolution
		SolutionGuid = {F3D94C6E-9CE9-43ED-85CA-30808425CA3E}
	EndGlobalSection
EndGlobal
